
Microsoft Visual Studio Solution File, Format Version 12.00
# Visual Studio 15
VisualStudioVersion = 15.0.28307.572
MinimumVisualStudioVersion = 10.0.40219.1
Project("{9A19103F-16F7-4668-BE54-9A1E7A4F7556}") = "API", "API\API.csproj", "{0EA5CF73-3B3A-4D6B-9C9A-D3134E2186A1}"
	ProjectSection(ProjectDependencies) = postProject
		{3E883026-73DA-4E4A-A0A2-0114D51050DE} = {3E883026-73DA-4E4A-A0A2-0114D51050DE}
	EndProjectSection
EndProject
Project("{9A19103F-16F7-4668-BE54-9A1E7A4F7556}") = "Models", "Models\Models.csproj", "{3D82510D-62A7-40C6-9953-418290586C05}"
EndProject
Project("{9A19103F-16F7-4668-BE54-9A1E7A4F7556}") = "Data", "Data\Data.csproj", "{3E883026-73DA-4E4A-A0A2-0114D51050DE}"
EndProject
Project("{9A19103F-16F7-4668-BE54-9A1E7A4F7556}") = "Logic", "Logic\Logic.csproj", "{17914DAE-87ED-450D-B5A1-13796C2B1A48}"
EndProject
Global
	GlobalSection(SolutionConfigurationPlatforms) = preSolution
		Debug|Any CPU = Debug|Any CPU
		Release|Any CPU = Release|Any CPU
	EndGlobalSection
	GlobalSection(ProjectConfigurationPlatforms) = postSolution
		{0EA5CF73-3B3A-4D6B-9C9A-D3134E2186A1}.Debug|Any CPU.ActiveCfg = Debug|Any CPU
		{0EA5CF73-3B3A-4D6B-9C9A-D3134E2186A1}.Debug|Any CPU.Build.0 = Debug|Any CPU
		{0EA5CF73-3B3A-4D6B-9C9A-D3134E2186A1}.Release|Any CPU.ActiveCfg = Release|Any CPU
		{0EA5CF73-3B3A-4D6B-9C9A-D3134E2186A1}.Release|Any CPU.Build.0 = Release|Any CPU
		{3D82510D-62A7-40C6-9953-418290586C05}.Debug|Any CPU.ActiveCfg = Debug|Any CPU
		{3D82510D-62A7-40C6-9953-418290586C05}.Debug|Any CPU.Build.0 = Debug|Any CPU
		{3D82510D-62A7-40C6-9953-418290586C05}.Release|Any CPU.ActiveCfg = Release|Any CPU
		{3D82510D-62A7-40C6-9953-418290586C05}.Release|Any CPU.Build.0 = Release|Any CPU
		{3E883026-73DA-4E4A-A0A2-0114D51050DE}.Debug|Any CPU.ActiveCfg = Debug|Any CPU
		{3E883026-73DA-4E4A-A0A2-0114D51050DE}.Debug|Any CPU.Build.0 = Debug|Any CPU
		{3E883026-73DA-4E4A-A0A2-0114D51050DE}.Release|Any CPU.ActiveCfg = Release|Any CPU
		{3E883026-73DA-4E4A-A0A2-0114D51050DE}.Release|Any CPU.Build.0 = Release|Any CPU
		{17914DAE-87ED-450D-B5A1-13796C2B1A48}.Debug|Any CPU.ActiveCfg = Debug|Any CPU
		{17914DAE-87ED-450D-B5A1-13796C2B1A48}.Debug|Any CPU.Build.0 = Debug|Any CPU
		{17914DAE-87ED-450D-B5A1-13796C2B1A48}.Release|Any CPU.ActiveCfg = Release|Any CPU
		{17914DAE-87ED-450D-B5A1-13796C2B1A48}.Release|Any CPU.Build.0 = Release|Any CPU
	EndGlobalSection
	GlobalSection(SolutionProperties) = preSolution
		HideSolutionNode = FALSE
	EndGlobalSection
	GlobalSection(ExtensibilityGlobals) = postSolution
		SolutionGuid = {E85175A2-4AB9-4CCB-BBCB-77AE5781A838}
	EndGlobalSection
EndGlobal
